
Microsoft Visual Studio Solution File, Format Version 12.00
# Visual Studio 15
VisualStudioVersion = 15.0.27004.2006
MinimumVisualStudioVersion = 10.0.40219.1
Project("{FAE04EC0-301F-11D3-BF4B-00C04F79EFBC}") = "DLIDefinitions", "DLIDefinitions\DLIDefinitions.csproj", "{07DC7D75-DD43-44AC-A01B-22F8D22D96B6}"
EndProject
Project("{FAE04EC0-301F-11D3-BF4B-00C04F79EFBC}") = "DLKeyFillLib", "DLKeyFillLib\DLKeyFillLib.csproj", "{9312B833-A1E9-4A1C-BE6B-609CDBC3FB84}"
EndProject
Project("{FAE04EC0-301F-11D3-BF4B-00C04F79EFBC}") = "DLKeyFillLibFake", "DLKeyFillLibFake\DLKeyFillLibFake.csproj", "{8534E5BD-B049-40FB-B98D-DF9A1942E2B7}"
EndProject
Project("{FAE04EC0-301F-11D3-BF4B-00C04F79EFBC}") = "RTDeckLinkDotNet", "RTDeckLinkDotNet\RTDeckLinkDotNet.csproj", "{3BA62B3B-19ED-49D6-9EEF-455315A6D7E2}"
EndProject
Project("{FAE04EC0-301F-11D3-BF4B-00C04F79EFBC}") = "RTDeckLinkDotNet-Sample", "RTDeckLinkDotNet-Sample\RTDeckLinkDotNet-Sample.csproj", "{350C7A57-E2D8-4C32-BA19-575D910EDED3}"
EndProject
Global
	GlobalSection(SolutionConfigurationPlatforms) = preSolution
		Debug|Any CPU = Debug|Any CPU
		Release|Any CPU = Release|Any CPU
	EndGlobalSection
	GlobalSection(ProjectConfigurationPlatforms) = postSolution
		{07DC7D75-DD43-44AC-A01B-22F8D22D96B6}.Debug|Any CPU.ActiveCfg = Debug|Any CPU
		{07DC7D75-DD43-44AC-A01B-22F8D22D96B6}.Debug|Any CPU.Build.0 = Debug|Any CPU
		{07DC7D75-DD43-44AC-A01B-22F8D22D96B6}.Release|Any CPU.ActiveCfg = Release|Any CPU
		{07DC7D75-DD43-44AC-A01B-22F8D22D96B6}.Release|Any CPU.Build.0 = Release|Any CPU
		{9312B833-A1E9-4A1C-BE6B-609CDBC3FB84}.Debug|Any CPU.ActiveCfg = Debug|Any CPU
		{9312B833-A1E9-4A1C-BE6B-609CDBC3FB84}.Debug|Any CPU.Build.0 = Debug|Any CPU
		{9312B833-A1E9-4A1C-BE6B-609CDBC3FB84}.Release|Any CPU.ActiveCfg = Release|Any CPU
		{9312B833-A1E9-4A1C-BE6B-609CDBC3FB84}.Release|Any CPU.Build.0 = Release|Any CPU
		{8534E5BD-B049-40FB-B98D-DF9A1942E2B7}.Debug|Any CPU.ActiveCfg = Debug|Any CPU
		{8534E5BD-B049-40FB-B98D-DF9A1942E2B7}.Debug|Any CPU.Build.0 = Debug|Any CPU
		{8534E5BD-B049-40FB-B98D-DF9A1942E2B7}.Release|Any CPU.ActiveCfg = Release|Any CPU
		{8534E5BD-B049-40FB-B98D-DF9A1942E2B7}.Release|Any CPU.Build.0 = Release|Any CPU
		{3BA62B3B-19ED-49D6-9EEF-455315A6D7E2}.Debug|Any CPU.ActiveCfg = Debug|Any CPU
		{3BA62B3B-19ED-49D6-9EEF-455315A6D7E2}.Debug|Any CPU.Build.0 = Debug|Any CPU
		{3BA62B3B-19ED-49D6-9EEF-455315A6D7E2}.Release|Any CPU.ActiveCfg = Release|Any CPU
		{3BA62B3B-19ED-49D6-9EEF-455315A6D7E2}.Release|Any CPU.Build.0 = Release|Any CPU
		{350C7A57-E2D8-4C32-BA19-575D910EDED3}.Debug|Any CPU.ActiveCfg = Debug|Any CPU
		{350C7A57-E2D8-4C32-BA19-575D910EDED3}.Debug|Any CPU.Build.0 = Debug|Any CPU
		{350C7A57-E2D8-4C32-BA19-575D910EDED3}.Release|Any CPU.ActiveCfg = Release|Any CPU
		{350C7A57-E2D8-4C32-BA19-575D910EDED3}.Release|Any CPU.Build.0 = Release|Any CPU
	EndGlobalSection
	GlobalSection(SolutionProperties) = preSolution
		HideSolutionNode = FALSE
	EndGlobalSection
	GlobalSection(ExtensibilityGlobals) = postSolution
		SolutionGuid = {BE2637BF-FB91-4152-B7D7-5D9AF811554E}
	EndGlobalSection
EndGlobal
